
Microsoft Visual Studio Solution File, Format Version 12.00
# Visual Studio Version 16
VisualStudioVersion = 16.0.31402.337
MinimumVisualStudioVersion = 10.0.40219.1
Project("{2150E333-8FDC-42A3-9474-1A3956D46DE8}") = "Solution Items", "Solution Items", "{EB8274B7-0E66-4617-9C8C-8227D67E94EC}"
	ProjectSection(SolutionItems) = preProject
		.gitignore = .gitignore
		build.yml = build.yml
		LICENSE = LICENSE
		README.md = README.md
	EndProjectSection
EndProject
Project("{2150E333-8FDC-42A3-9474-1A3956D46DE8}") = "src", "src", "{6DAEE4F1-42F8-41CE-B852-F6F64C3D1A3C}"
EndProject
Project("{9A19103F-16F7-4668-BE54-9A1E7A4F7556}") = "LightningPay.DependencyInjection", "src\LightningPay.DependencyInjection\LightningPay.DependencyInjection.csproj", "{FD0937ED-B30D-4089-9C1E-BCEE7622D139}"
EndProject
Project("{9A19103F-16F7-4668-BE54-9A1E7A4F7556}") = "LightningPay", "src\LightningPay\LightningPay.csproj", "{B43EE960-8107-426A-A51D-78653B242FC5}"
EndProject
Project("{2150E333-8FDC-42A3-9474-1A3956D46DE8}") = "tests", "tests", "{AF5C9502-891A-443F-8A33-350B4920CC2C}"
EndProject
Project("{9A19103F-16F7-4668-BE54-9A1E7A4F7556}") = "LightningPay.Test", "tests\LightningPay.Test\LightningPay.Test.csproj", "{6E06E522-961C-47D0-91D3-DB0C6CB90679}"
EndProject
Project("{FAE04EC0-301F-11D3-BF4B-00C04F79EFBC}") = "LightningPay.DependencyInjection.Test", "tests\LightningPay.DependencyInjection.Test\LightningPay.DependencyInjection.Test.csproj", "{520516C9-F314-4FF5-A86B-58C9DE5219C0}"
EndProject
Global
	GlobalSection(SolutionConfigurationPlatforms) = preSolution
		Debug|Any CPU = Debug|Any CPU
		Release|Any CPU = Release|Any CPU
	EndGlobalSection
	GlobalSection(ProjectConfigurationPlatforms) = postSolution
		{FD0937ED-B30D-4089-9C1E-BCEE7622D139}.Debug|Any CPU.ActiveCfg = Debug|Any CPU
		{FD0937ED-B30D-4089-9C1E-BCEE7622D139}.Debug|Any CPU.Build.0 = Debug|Any CPU
		{FD0937ED-B30D-4089-9C1E-BCEE7622D139}.Release|Any CPU.ActiveCfg = Release|Any CPU
		{FD0937ED-B30D-4089-9C1E-BCEE7622D139}.Release|Any CPU.Build.0 = Release|Any CPU
		{B43EE960-8107-426A-A51D-78653B242FC5}.Debug|Any CPU.ActiveCfg = Debug|Any CPU
		{B43EE960-8107-426A-A51D-78653B242FC5}.Debug|Any CPU.Build.0 = Debug|Any CPU
		{B43EE960-8107-426A-A51D-78653B242FC5}.Release|Any CPU.ActiveCfg = Release|Any CPU
		{B43EE960-8107-426A-A51D-78653B242FC5}.Release|Any CPU.Build.0 = Release|Any CPU
		{6E06E522-961C-47D0-91D3-DB0C6CB90679}.Debug|Any CPU.ActiveCfg = Debug|Any CPU
		{6E06E522-961C-47D0-91D3-DB0C6CB90679}.Debug|Any CPU.Build.0 = Debug|Any CPU
		{6E06E522-961C-47D0-91D3-DB0C6CB90679}.Release|Any CPU.ActiveCfg = Release|Any CPU
		{6E06E522-961C-47D0-91D3-DB0C6CB90679}.Release|Any CPU.Build.0 = Release|Any CPU
		{520516C9-F314-4FF5-A86B-58C9DE5219C0}.Debug|Any CPU.ActiveCfg = Debug|Any CPU
		{520516C9-F314-4FF5-A86B-58C9DE5219C0}.Debug|Any CPU.Build.0 = Debug|Any CPU
		{520516C9-F314-4FF5-A86B-58C9DE5219C0}.Release|Any CPU.ActiveCfg = Release|Any CPU
		{520516C9-F314-4FF5-A86B-58C9DE5219C0}.Release|Any CPU.Build.0 = Release|Any CPU
	EndGlobalSection
	GlobalSection(SolutionProperties) = preSolution
		HideSolutionNode = FALSE
	EndGlobalSection
	GlobalSection(NestedProjects) = preSolution
		{FD0937ED-B30D-4089-9C1E-BCEE7622D139} = {6DAEE4F1-42F8-41CE-B852-F6F64C3D1A3C}
		{B43EE960-8107-426A-A51D-78653B242FC5} = {6DAEE4F1-42F8-41CE-B852-F6F64C3D1A3C}
		{6E06E522-961C-47D0-91D3-DB0C6CB90679} = {AF5C9502-891A-443F-8A33-350B4920CC2C}
		{520516C9-F314-4FF5-A86B-58C9DE5219C0} = {AF5C9502-891A-443F-8A33-350B4920CC2C}
	EndGlobalSection
	GlobalSection(ExtensibilityGlobals) = postSolution
		SolutionGuid = {65D566AD-39E7-4F67-97BC-B59B9299935B}
	EndGlobalSection
EndGlobal
